
Microsoft Visual Studio Solution File, Format Version 12.00
# Visual Studio Version 17
VisualStudioVersion = 17.7.34221.43
MinimumVisualStudioVersion = 10.0.40219.1
Project("{FAE04EC0-301F-11D3-BF4B-00C04F79EFBC}") = "applicationsscheduler", "applicationsscheduler\applicationsscheduler.csproj", "{378ED95E-3AA2-43D6-B6E4-6A5DDC4D1069}"
EndProject
Global
	GlobalSection(SolutionConfigurationPlatforms) = preSolution
		Debug|Any CPU = Debug|Any CPU
		Release|Any CPU = Release|Any CPU
	EndGlobalSection
	GlobalSection(ProjectConfigurationPlatforms) = postSolution
		{378ED95E-3AA2-43D6-B6E4-6A5DDC4D1069}.Debug|Any CPU.ActiveCfg = Debug|Any CPU
		{378ED95E-3AA2-43D6-B6E4-6A5DDC4D1069}.Debug|Any CPU.Build.0 = Debug|Any CPU
		{378ED95E-3AA2-43D6-B6E4-6A5DDC4D1069}.Release|Any CPU.ActiveCfg = Release|Any CPU
		{378ED95E-3AA2-43D6-B6E4-6A5DDC4D1069}.Release|Any CPU.Build.0 = Release|Any CPU
	EndGlobalSection
	GlobalSection(SolutionProperties) = preSolution
		HideSolutionNode = FALSE
	EndGlobalSection
	GlobalSection(ExtensibilityGlobals) = postSolution
		SolutionGuid = {C13519D0-6057-4AD4-8FF3-5530C27B7395}
	EndGlobalSection
EndGlobal
